{
  "name": "demo",
  "version": "1.0.0",
  "lockfileVersion": 1,
  "requires": true,
  "dependencies": {
    "dayjs": {
      "version": "1.8.5",
      "resolved": "https://registry.npmjs.org/dayjs/-/dayjs-1.8.5.tgz",
      "integrity": "sha512-jo5sEFdsT43RqXxoqQVEuD7XL6iSIRxcjTgheJdlV0EHKObKP3pb9JcJEv/KStVMy25ABNQrFnplKcCit05vOA=="
    },
    "typescript": {
      "version": "3.1.6",
      "resolved": "https://registry.npmjs.org/typescript/-/typescript-3.1.6.tgz",
      "integrity": "sha512-tDMYfVtvpb96msS1lDX9MEdHrW4yOuZ4Kdc4Him9oU796XldPYF/t2+uKoX0BBa0hXXwDlqYQbXY5Rzjzc5hBA==",
      "dev": true
    }
  }
}
