{
  "name": "demo",
  "version": "1.0.0",
  "lockfileVersion": 1,
  "requires": true,
  "dependencies": {
    "dayjs": {
      "version": "1.8.5",
      "resolved": "https://registry.npmjs.org/dayjs/-/dayjs-1.8.5.tgz",
      "integrity": "sha512-jo5sEFdsT43RqXxoqQVEuD7XL6iSIRxcjTgheJdlV0EHKObKP3pb9JcJEv/KStVMy25ABNQrFnplKcCit05vOA=="
    },
    "typescript": {
      "version": "3.3.3",
      "resolved": "https://registry.npmjs.org/typescript/-/typescript-3.3.3.tgz",
      "integrity": "sha512-Y21Xqe54TBVp+VDSNbuDYdGw0BpoR/Q6wo/+35M8PAU0vipahnyduJWirxxdxjsAkS7hue53x2zp8gz7F05u0A==",
      "dev": true
    }
  }
}
